{
  "name": "chasket-dev",
  "version": "1.0.0",
  "lockfileVersion": 3,
  "requires": true,
  "packages": {
    "": {
      "name": "chasket-dev",
      "version": "1.0.0",
      "license": "MIT",
      "dependencies": {
        "@chasket/chasket": "file:../chasket/chasket-cli"
      },
      "engines": {
        "node": ">=18.0.0"
      }
    },
    "../chasket/chasket-cli": {
      "name": "@chasket/chasket",
      "version": "0.2.1",
      "license": "MIT",
      "bin": {
        "chasket": "bin/chasket.js"
      },
      "engines": {
        "node": ">=18.0.0"
      }
    },
    "node_modules/@chasket/chasket": {
      "resolved": "../chasket/chasket-cli",
      "link": true
    }
  }
}
