{
  "name": "chasket.dev",
  "lockfileVersion": 3,
  "requires": true,
  "packages": {
    "": {
      "devDependencies": {
        "@aspect/chasket": "file:../chasket/chasket-cli"
      }
    },
    "../chasket/chasket-cli": {
      "name": "@aspect/chasket",
      "version": "0.2.0",
      "dev": true,
      "license": "MIT",
      "bin": {
        "chasket": "bin/chasket.js"
      },
      "engines": {
        "node": ">=18.0.0"
      }
    },
    "node_modules/@aspect/chasket": {
      "resolved": "../chasket/chasket-cli",
      "link": true
    }
  }
}
