{
  "name": "chasket-dev",
  "version": "1.0.0",
  "lockfileVersion": 3,
  "requires": true,
  "packages": {
    "": {
      "name": "chasket-dev",
      "version": "1.0.0",
      "license": "MIT",
      "dependencies": {
        "@chasket/chasket": "^0.2.0"
      },
      "engines": {
        "node": ">=18.0.0"
      }
    },
    "node_modules/@chasket/chasket": {
      "version": "0.2.0",
      "resolved": "https://registry.npmjs.org/@chasket/chasket/-/chasket-0.2.0.tgz",
      "integrity": "sha512-q70MvHzaHlbksw2P9hr65/PmvCbpRa741yywNFCpFaXjBKRmYk8y4k8OjDxKLQt1KZb7jwy4HhXst7zVbjzfSg==",
      "license": "MIT",
      "bin": {
        "chasket": "bin/chasket.js"
      },
      "engines": {
        "node": ">=18.0.0"
      }
    }
  }
}
